Microsoft Visual Studio Solution File, Format Version 12.00
# Visual Studio Version 17
VisualStudioVersion = 17.12.35506.116
MinimumVisualStudioVersion = 10.0.40219.1
Project("{FAE04EC0-301F-11D3-BF4B-00C04F79EFBC}") = "Swetugg.AppHost", "Swetugg.AppHost\Swetugg.AppHost.csproj", "{C621028A-BD56-40CA-93FB-FC2631605799}"
EndProject
Project("{FAE04EC0-301F-11D3-BF4B-00C04F79EFBC}") = "Swetugg.ServiceDefaults", "Swetugg.ServiceDefaults\Swetugg.ServiceDefaults.csproj", "{652A8B83-0032-4856-A952-9BFDB8583921}"
EndProject
Project("{FAE04EC0-301F-11D3-BF4B-00C04F79EFBC}") = "Swetugg.ApiService", "Swetugg.ApiService\Swetugg.ApiService.csproj", "{02B9AA7B-2123-42BA-A826-25687A605C55}"
EndProject
Project("{FAE04EC0-301F-11D3-BF4B-00C04F79EFBC}") = "Swetugg.Web", "Swetugg.Web\Swetugg.Web.csproj", "{10D03D0F-CE31-4C12-840B-F38FD6CFB9A0}"
EndProject
Project("{FAE04EC0-301F-11D3-BF4B-00C04F79EFBC}") = "Swetugg.Tests", "Swetugg.Tests\Swetugg.Tests.csproj", "{03430411-AF32-4CCD-A5F5-CC21B6139879}"
EndProject
Project("{FAE04EC0-301F-11D3-BF4B-00C04F79EFBC}") = "Swetugg.Components", "Swetugg.Components\Swetugg.Components.csproj", "{B4BF15BB-C7F3-46A3-AD7D-F3EE5CE5852F}"
EndProject
Project("{FAE04EC0-301F-11D3-BF4B-00C04F79EFBC}") = "Swetugg.Services", "Swetugg.Services\Swetugg.Services.csproj", "{C2DD36E8-63FC-422B-9366-27C1E10E7774}"
EndProject
Global
	GlobalSection(SolutionConfigurationPlatforms) = preSolution
		Debug|Any CPU = Debug|Any CPU
		Release|Any CPU = Release|Any CPU
	EndGlobalSection
	GlobalSection(ProjectConfigurationPlatforms) = postSolution
		{C621028A-BD56-40CA-93FB-FC2631605799}.Debug|Any CPU.ActiveCfg = Debug|Any CPU
		{C621028A-BD56-40CA-93FB-FC2631605799}.Debug|Any CPU.Build.0 = Debug|Any CPU
		{C621028A-BD56-40CA-93FB-FC2631605799}.Release|Any CPU.ActiveCfg = Release|Any CPU
		{C621028A-BD56-40CA-93FB-FC2631605799}.Release|Any CPU.Build.0 = Release|Any CPU
		{652A8B83-0032-4856-A952-9BFDB8583921}.Debug|Any CPU.ActiveCfg = Debug|Any CPU
		{652A8B83-0032-4856-A952-9BFDB8583921}.Debug|Any CPU.Build.0 = Debug|Any CPU
		{652A8B83-0032-4856-A952-9BFDB8583921}.Release|Any CPU.ActiveCfg = Release|Any CPU
		{652A8B83-0032-4856-A952-9BFDB8583921}.Release|Any CPU.Build.0 = Release|Any CPU
		{02B9AA7B-2123-42BA-A826-25687A605C55}.Debug|Any CPU.ActiveCfg = Debug|Any CPU
		{02B9AA7B-2123-42BA-A826-25687A605C55}.Debug|Any CPU.Build.0 = Debug|Any CPU
		{02B9AA7B-2123-42BA-A826-25687A605C55}.Release|Any CPU.ActiveCfg = Release|Any CPU
		{02B9AA7B-2123-42BA-A826-25687A605C55}.Release|Any CPU.Build.0 = Release|Any CPU
		{10D03D0F-CE31-4C12-840B-F38FD6CFB9A0}.Debug|Any CPU.ActiveCfg = Debug|Any CPU
		{10D03D0F-CE31-4C12-840B-F38FD6CFB9A0}.Debug|Any CPU.Build.0 = Debug|Any CPU
		{10D03D0F-CE31-4C12-840B-F38FD6CFB9A0}.Release|Any CPU.ActiveCfg = Release|Any CPU
		{10D03D0F-CE31-4C12-840B-F38FD6CFB9A0}.Release|Any CPU.Build.0 = Release|Any CPU
		{03430411-AF32-4CCD-A5F5-CC21B6139879}.Debug|Any CPU.ActiveCfg = Debug|Any CPU
		{03430411-AF32-4CCD-A5F5-CC21B6139879}.Debug|Any CPU.Build.0 = Debug|Any CPU
		{03430411-AF32-4CCD-A5F5-CC21B6139879}.Release|Any CPU.ActiveCfg = Release|Any CPU
		{03430411-AF32-4CCD-A5F5-CC21B6139879}.Release|Any CPU.Build.0 = Release|Any CPU
		{B4BF15BB-C7F3-46A3-AD7D-F3EE5CE5852F}.Debug|Any CPU.ActiveCfg = Debug|Any CPU
		{B4BF15BB-C7F3-46A3-AD7D-F3EE5CE5852F}.Debug|Any CPU.Build.0 = Debug|Any CPU
		{B4BF15BB-C7F3-46A3-AD7D-F3EE5CE5852F}.Release|Any CPU.ActiveCfg = Release|Any CPU
		{B4BF15BB-C7F3-46A3-AD7D-F3EE5CE5852F}.Release|Any CPU.Build.0 = Release|Any CPU
		{C2DD36E8-63FC-422B-9366-27C1E10E7774}.Debug|Any CPU.ActiveCfg = Debug|Any CPU
		{C2DD36E8-63FC-422B-9366-27C1E10E7774}.Debug|Any CPU.Build.0 = Debug|Any CPU
		{C2DD36E8-63FC-422B-9366-27C1E10E7774}.Release|Any CPU.ActiveCfg = Release|Any CPU
		{C2DD36E8-63FC-422B-9366-27C1E10E7774}.Release|Any CPU.Build.0 = Release|Any CPU
	EndGlobalSection
	GlobalSection(SolutionProperties) = preSolution
		HideSolutionNode = FALSE
	EndGlobalSection
	GlobalSection(ExtensibilityGlobals) = postSolution
		SolutionGuid = {093D3D43-D101-4348-ABDB-E7D6E88373DD}
	EndGlobalSection
EndGlobal
